Microsoft Visual Studio Solution File, Format Version 12.00
# Visual Studio Version 17
VisualStudioVersion = 17.13.35828.75
MinimumVisualStudioVersion = 10.0.40219.1
Project("{FAE04EC0-301F-11D3-BF4B-00C04F79EFBC}") = "CP2077MM", "CP2077MM\CP2077MM.csproj", "{4BE2ED94-C55B-41D0-BC6B-905F6C8205C5}"
EndProject
Global
	GlobalSection(SolutionConfigurationPlatforms) = preSolution
		Debug|Any CPU = Debug|Any CPU
		Release|Any CPU = Release|Any CPU
	EndGlobalSection
	GlobalSection(ProjectConfigurationPlatforms) = postSolution
		{4BE2ED94-C55B-41D0-BC6B-905F6C8205C5}.Debug|Any CPU.ActiveCfg = Debug|Any CPU
		{4BE2ED94-C55B-41D0-BC6B-905F6C8205C5}.Debug|Any CPU.Build.0 = Debug|Any CPU
		{4BE2ED94-C55B-41D0-BC6B-905F6C8205C5}.Release|Any CPU.ActiveCfg = Release|Any CPU
		{4BE2ED94-C55B-41D0-BC6B-905F6C8205C5}.Release|Any CPU.Build.0 = Release|Any CPU
	EndGlobalSection
	GlobalSection(SolutionProperties) = preSolution
		HideSolutionNode = FALSE
	EndGlobalSection
	GlobalSection(ExtensibilityGlobals) = postSolution
		SolutionGuid = {A091CC57-5030-49BE-89A0-49C141E0B9CA}
	EndGlobalSection
EndGlobal
